
Microsoft Visual Studio Solution File, Format Version 12.00
# Visual Studio Version 16
VisualStudioVersion = 16.0.31105.61
MinimumVisualStudioVersion = 10.0.40219.1
Project("{FAE04EC0-301F-11D3-BF4B-00C04F79EFBC}") = "Posicion_Pantalla", "Posicion_Pantalla\Posicion_Pantalla.csproj", "{5F42923D-6992-4475-8BCE-556992D539E8}"
EndProject
Global
	GlobalSection(SolutionConfigurationPlatforms) = preSolution
		Debug|Any CPU = Debug|Any CPU
		Release|Any CPU = Release|Any CPU
	EndGlobalSection
	GlobalSection(ProjectConfigurationPlatforms) = postSolution
		{5F42923D-6992-4475-8BCE-556992D539E8}.Debug|Any CPU.ActiveCfg = Debug|Any CPU
		{5F42923D-6992-4475-8BCE-556992D539E8}.Debug|Any CPU.Build.0 = Debug|Any CPU
		{5F42923D-6992-4475-8BCE-556992D539E8}.Release|Any CPU.ActiveCfg = Release|Any CPU
		{5F42923D-6992-4475-8BCE-556992D539E8}.Release|Any CPU.Build.0 = Release|Any CPU
	EndGlobalSection
	GlobalSection(SolutionProperties) = preSolution
		HideSolutionNode = FALSE
	EndGlobalSection
	GlobalSection(ExtensibilityGlobals) = postSolution
		SolutionGuid = {501EC0D2-BB0A-46B9-959C-D64FA83684B7}
	EndGlobalSection
EndGlobal
